
Microsoft Visual Studio Solution File, Format Version 12.00
# Visual Studio Version 17
VisualStudioVersion = 17.4.33205.214
MinimumVisualStudioVersion = 10.0.40219.1
Project("{8BC9CEB8-8B4A-11D0-8D11-00A0C91BC942}") = "OpenGL_Test", "OpenGL_Test.vcxproj", "{04C11D26-342A-4815-8035-FC81A43AAAD8}"
EndProject
Global
	GlobalSection(SolutionConfigurationPlatforms) = preSolution
		Debug|Win32 = Debug|Win32
		Debug|x64 = Debug|x64
		Debug|x86 = Debug|x86
		Release|Win32 = Release|Win32
		Release|x64 = Release|x64
		Release|x86 = Release|x86
	EndGlobalSection
	GlobalSection(ProjectConfigurationPlatforms) = postSolution
		{04C11D26-342A-4815-8035-FC81A43AAAD8}.Debug|Win32.ActiveCfg = Debug|x64
		{04C11D26-342A-4815-8035-FC81A43AAAD8}.Debug|Win32.Build.0 = Debug|x64
		{04C11D26-342A-4815-8035-FC81A43AAAD8}.Debug|x64.ActiveCfg = Debug|x64
		{04C11D26-342A-4815-8035-FC81A43AAAD8}.Debug|x64.Build.0 = Debug|x64
		{04C11D26-342A-4815-8035-FC81A43AAAD8}.Debug|x86.ActiveCfg = Debug|Win32
		{04C11D26-342A-4815-8035-FC81A43AAAD8}.Debug|x86.Build.0 = Debug|Win32
		{04C11D26-342A-4815-8035-FC81A43AAAD8}.Release|Win32.ActiveCfg = Release|Win32
		{04C11D26-342A-4815-8035-FC81A43AAAD8}.Release|Win32.Build.0 = Release|Win32
		{04C11D26-342A-4815-8035-FC81A43AAAD8}.Release|x64.ActiveCfg = Release|x64
		{04C11D26-342A-4815-8035-FC81A43AAAD8}.Release|x64.Build.0 = Release|x64
		{04C11D26-342A-4815-8035-FC81A43AAAD8}.Release|x86.ActiveCfg = Release|Win32
		{04C11D26-342A-4815-8035-FC81A43AAAD8}.Release|x86.Build.0 = Release|Win32
	EndGlobalSection
	GlobalSection(SolutionProperties) = preSolution
		HideSolutionNode = FALSE
	EndGlobalSection
	GlobalSection(ExtensibilityGlobals) = postSolution
		SolutionGuid = {A0498BBD-60DA-4A76-BC2C-C91F3F45F78A}
	EndGlobalSection
EndGlobal
